// !$*UTF8*$!
{
	archiveVersion = 1;
	classes = {
	};
	objectVersion = 50;
	objects = {

/* Begin PBXBuildFile section */
		0CC5A7C32397A59E00155933 /* Poi.swift in Sources */ = {isa = PBXBuildFile; fileRef = 0CC5A7C22397A59E00155933 /* Poi.swift */; };
		0CC5A7C52397ABBA00155933 /* MapViewController.swift in Sources */ = {isa = PBXBuildFile; fileRef = 0CC5A7C42397ABBA00155933 /* MapViewController.swift */; };
		0CC5A7C82397B67900155933 /* CoreLocation.framework in Frameworks */ = {isa = PBXBuildFile; fileRef = 0CC5A7C72397B67900155933 /* CoreLocation.framework */; };
		BDE40DA82396499300353A71 /* AppDelegate.swift in Sources */ = {isa = PBXBuildFile; fileRef = BDE40DA72396499300353A71 /* AppDelegate.swift */; };
		BDE40DAA2396499300353A71 /* SceneDelegate.swift in Sources */ = {isa = PBXBuildFile; fileRef = BDE40DA92396499300353A71 /* SceneDelegate.swift */; };
		BDE40DAC2396499300353A71 /* ViewController.swift in Sources */ = {isa = PBXBuildFile; fileRef = BDE40DAB2396499300353A71 /* ViewController.swift */; };
		BDE40DAF2396499300353A71 /* Main.storyboard in Resources */ = {isa = PBXBuildFile; fileRef = BDE40DAD2396499300353A71 /* Main.storyboard */; };
		BDE40DB12396499500353A71 /* Assets.xcassets in Resources */ = {isa = PBXBuildFile; fileRef = BDE40DB02396499500353A71 /* Assets.xcassets */; };
		BDE40DB42396499500353A71 /* LaunchScreen.storyboard in Resources */ = {isa = PBXBuildFile; fileRef = BDE40DB22396499500353A71 /* LaunchScreen.storyboard */; };
		BDE40DBD239657BD00353A71 /* PlacesCollectionViewCell.swift in Sources */ = {isa = PBXBuildFile; fileRef = BDE40DBB239657BD00353A71 /* PlacesCollectionViewCell.swift */; };
		BDE40DBE239657BD00353A71 /* PlacesCollectionViewCell.xib in Resources */ = {isa = PBXBuildFile; fileRef = BDE40DBC239657BD00353A71 /* PlacesCollectionViewCell.xib */; };
/* End PBXBuildFile section */

/* Begin PBXFileReference section */
		0CC5A7C22397A59E00155933 /* Poi.swift */ = {isa = PBXFileReference; lastKnownFileType = sourcecode.swift; path = Poi.swift; sourceTree = "<group>"; };
		0CC5A7C42397ABBA00155933 /* MapViewController.swift */ = {isa = PBXFileReference; lastKnownFileType = sourcecode.swift; path = MapViewController.swift; sourceTree = "<group>"; };
		0CC5A7C72397B67900155933 /* CoreLocation.framework */ = {isa = PBXFileReference; lastKnownFileType = wrapper.framework; name = CoreLocation.framework; path = System/Library/Frameworks/CoreLocation.framework; sourceTree = SDKROOT; };
		BDE40DA42396499300353A71 /* PlacesWhereYouCantGO.app */ = {isa = PBXFileReference; explicitFileType = wrapper.application; includeInIndex = 0; path = PlacesWhereYouCantGO.app; sourceTree = BUILT_PRODUCTS_DIR; };
		BDE40DA72396499300353A71 /* AppDelegate.swift */ = {isa = PBXFileReference; lastKnownFileType = sourcecode.swift; path = AppDelegate.swift; sourceTree = "<group>"; };
		BDE40DA92396499300353A71 /* SceneDelegate.swift */ = {isa = PBXFileReference; lastKnownFileType = sourcecode.swift; path = SceneDelegate.swift; sourceTree = "<group>"; };
		BDE40DAB2396499300353A71 /* ViewController.swift */ = {isa = PBXFileReference; lastKnownFileType = sourcecode.swift; path = ViewController.swift; sourceTree = "<group>"; };
		BDE40DAE2396499300353A71 /* Base */ = {isa = PBXFileReference; lastKnownFileType = file.storyboard; name = Base; path = Base.lproj/Main.storyboard; sourceTree = "<group>"; };
		BDE40DB02396499500353A71 /* Assets.xcassets */ = {isa = PBXFileReference; lastKnownFileType = folder.assetcatalog; path = Assets.xcassets; sourceTree = "<group>"; };
		BDE40DB32396499500353A71 /* Base */ = {isa = PBXFileReference; lastKnownFileType = file.storyboard; name = Base; path = Base.lproj/LaunchScreen.storyboard; sourceTree = "<group>"; };
		BDE40DB52396499500353A71 /* Info.plist */ = {isa = PBXFileReference; lastKnownFileType = text.plist.xml; path = Info.plist; sourceTree = "<group>"; };
		BDE40DBB239657BD00353A71 /* PlacesCollectionViewCell.swift */ = {isa = PBXFileReference; lastKnownFileType = sourcecode.swift; path = PlacesCollectionViewCell.swift; sourceTree = "<group>"; };
		BDE40DBC239657BD00353A71 /* PlacesCollectionViewCell.xib */ = {isa = PBXFileReference; lastKnownFileType = file.xib; path = PlacesCollectionViewCell.xib; sourceTree = "<group>"; };
/* End PBXFileReference section */

/* Begin PBXFrameworksBuildPhase section */
		BDE40DA12396499300353A71 /* Frameworks */ = {
			isa = PBXFrameworksBuildPhase;
			buildActionMask = 2147483647;
			files = (
				0CC5A7C82397B67900155933 /* CoreLocation.framework in Frameworks */,
			);
			runOnlyForDeploymentPostprocessing = 0;
		};
/* End PBXFrameworksBuildPhase section */

/* Begin PBXGroup section */
		0CC5A7C62397B67900155933 /* Frameworks */ = {
			isa = PBXGroup;
			children = (
				0CC5A7C72397B67900155933 /* CoreLocation.framework */,
			);
			name = Frameworks;
			sourceTree = "<group>";
		};
		BDE40D9B2396499300353A71 = {
			isa = PBXGroup;
			children = (
				BDE40DA62396499300353A71 /* PlacesWhereYouCantGO */,
				BDE40DA52396499300353A71 /* Products */,
				0CC5A7C62397B67900155933 /* Frameworks */,
			);
			sourceTree = "<group>";
		};
		BDE40DA52396499300353A71 /* Products */ = {
			isa = PBXGroup;
			children = (
				BDE40DA42396499300353A71 /* PlacesWhereYouCantGO.app */,
			);
			name = Products;
			sourceTree = "<group>";
		};
		BDE40DA62396499300353A71 /* PlacesWhereYouCantGO */ = {
			isa = PBXGroup;
			children = (
				BDE40DA72396499300353A71 /* AppDelegate.swift */,
				BDE40DA92396499300353A71 /* SceneDelegate.swift */,
				BDE40DAB2396499300353A71 /* ViewController.swift */,
				0CC5A7C42397ABBA00155933 /* MapViewController.swift */,
				0CC5A7C22397A59E00155933 /* Poi.swift */,
				BDE40DAD2396499300353A71 /* Main.storyboard */,
				BDE40DB02396499500353A71 /* Assets.xcassets */,
				BDE40DB22396499500353A71 /* LaunchScreen.storyboard */,
				BDE40DB52396499500353A71 /* Info.plist */,
				BDE40DBB239657BD00353A71 /* PlacesCollectionViewCell.swift */,
				BDE40DBC239657BD00353A71 /* PlacesCollectionViewCell.xib */,
			);
			path = PlacesWhereYouCantGO;
			sourceTree = "<group>";
		};
/* End PBXGroup section */

/* Begin PBXNativeTarget section */
		BDE40DA32396499300353A71 /* PlacesWhereYouCantGO */ = {
			isa = PBXNativeTarget;
			buildConfigurationList = BDE40DB82396499500353A71 /* Build configuration list for PBXNativeTarget "PlacesWhereYouCantGO" */;
			buildPhases = (
				BDE40DA02396499300353A71 /* Sources */,
				BDE40DA12396499300353A71 /* Frameworks */,
				BDE40DA22396499300353A71 /* Resources */,
			);
			buildRules = (
			);
			dependencies = (
			);
			name = PlacesWhereYouCantGO;
			productName = PlacesWhereYouCantGO;
			productReference = BDE40DA42396499300353A71 /* PlacesWhereYouCantGO.app */;
			productType = "com.apple.product-type.application";
		};
/* End PBXNativeTarget section */

/* Begin PBXProject section */
		BDE40D9C2396499300353A71 /* Project object */ = {
			isa = PBXProject;
			attributes = {
				LastSwiftUpdateCheck = 1110;
				LastUpgradeCheck = 1110;
				ORGANIZATIONNAME = "Erwan Bouriau";
				TargetAttributes = {
					BDE40DA32396499300353A71 = {
						CreatedOnToolsVersion = 11.1;
					};
				};
			};
			buildConfigurationList = BDE40D9F2396499300353A71 /* Build configuration list for PBXProject "PlacesWhereYouCantGO" */;
			compatibilityVersion = "Xcode 9.3";
			developmentRegion = en;
			hasScannedForEncodings = 0;
			knownRegions = (
				en,
				Base,
			);
			mainGroup = BDE40D9B2396499300353A71;
			productRefGroup = BDE40DA52396499300353A71 /* Products */;
			projectDirPath = "";
			projectRoot = "";
			targets = (
				BDE40DA32396499300353A71 /* PlacesWhereYouCantGO */,
			);
		};
/* End PBXProject section */

/* Begin PBXResourcesBuildPhase section */
		BDE40DA22396499300353A71 /* Resources */ = {
			isa = PBXResourcesBuildPhase;
			buildActionMask = 2147483647;
			files = (
				BDE40DBE239657BD00353A71 /* PlacesCollectionViewCell.xib in Resources */,
				BDE40DB42396499500353A71 /* LaunchScreen.storyboard in Resources */,
				BDE40DB12396499500353A71 /* Assets.xcassets in Resources */,
				BDE40DAF2396499300353A71 /* Main.storyboard in Resources */,
			);
			runOnlyForDeploymentPostprocessing = 0;
		};
/* End PBXResourcesBuildPhase section */

/* Begin PBXSourcesBuildPhase section */
		BDE40DA02396499300353A71 /* Sources */ = {
			isa = PBXSourcesBuildPhase;
			buildActionMask = 2147483647;
			files = (
				0CC5A7C32397A59E00155933 /* Poi.swift in Sources */,
				0CC5A7C52397ABBA00155933 /* MapViewController.swift in Sources */,
				BDE40DBD239657BD00353A71 /* PlacesCollectionViewCell.swift in Sources */,
				BDE40DAC2396499300353A71 /* ViewController.swift in Sources */,
				BDE40DA82396499300353A71 /* AppDelegate.swift in Sources */,
				BDE40DAA2396499300353A71 /* SceneDelegate.swift in Sources */,
			);
			runOnlyForDeploymentPostprocessing = 0;
		};
/* End PBXSourcesBuildPhase section */

/* Begin PBXVariantGroup section */
		BDE40DAD2396499300353A71 /* Main.storyboard */ = {
			isa = PBXVariantGroup;
			children = (
				BDE40DAE2396499300353A71 /* Base */,
			);
			name = Main.storyboard;
			sourceTree = "<group>";
		};
		BDE40DB22396499500353A71 /* LaunchScreen.storyboard */ = {
			isa = PBXVariantGroup;
			children = (
				BDE40DB32396499500353A71 /* Base */,
			);
			name = LaunchScreen.storyboard;
			sourceTree = "<group>";
		};
/* End PBXVariantGroup section */

/* Begin XCBuildConfiguration section */
		BDE40DB62396499500353A71 /* Debug */ = {
			isa = XCBuildConfiguration;
			buildSettings = {
				ALWAYS_SEARCH_USER_PATHS = NO;
				CLANG_ANALYZER_NONNULL = YES;
				CLANG_ANALYZER_NUMBER_OBJECT_CONVERSION = YES_AGGRESSIVE;
				CLANG_CXX_LANGUAGE_STANDARD = "gnu++14";
				CLANG_CXX_LIBRARY = "libc++";
				CLANG_ENABLE_MODULES = YES;
				CLANG_ENABLE_OBJC_ARC = YES;
				CLANG_ENABLE_OBJC_WEAK = YES;
				CLANG_WARN_BLOCK_CAPTURE_AUTORELEASING = YES;
				CLANG_WARN_BOOL_CONVERSION = YES;
				CLANG_WARN_COMMA = YES;
				CLANG_WARN_CONSTANT_CONVERSION = YES;
				CLANG_WARN_DEPRECATED_OBJC_IMPLEMENTATIONS = YES;
				CLANG_WARN_DIRECT_OBJC_ISA_USAGE = YES_ERROR;
				CLANG_WARN_DOCUMENTATION_COMMENTS = YES;
				CLANG_WARN_EMPTY_BODY = YES;
				CLANG_WARN_ENUM_CONVERSION = YES;
				CLANG_WARN_INFINITE_RECURSION = YES;
				CLANG_WARN_INT_CONVERSION = YES;
				CLANG_WARN_NON_LITERAL_NULL_CONVERSION = YES;
				CLANG_WARN_OBJC_IMPLICIT_RETAIN_SELF = YES;
				CLANG_WARN_OBJC_LITERAL_CONVERSION = YES;
				CLANG_WARN_OBJC_ROOT_CLASS = YES_ERROR;
				CLANG_WARN_RANGE_LOOP_ANALYSIS = YES;
				CLANG_WARN_STRICT_PROTOTYPES = YES;
				CLANG_WARN_SUSPICIOUS_MOVE = YES;
				CLANG_WARN_UNGUARDED_AVAILABILITY = YES_AGGRESSIVE;
				CLANG_WARN_UNREACHABLE_CODE = YES;
				CLANG_WARN__DUPLICATE_METHOD_MATCH = YES;
				COPY_PHASE_STRIP = NO;
				DEBUG_INFORMATION_FORMAT = dwarf;
				ENABLE_STRICT_OBJC_MSGSEND = YES;
				ENABLE_TESTABILITY = YES;
				GCC_C_LANGUAGE_STANDARD = gnu11;
				GCC_DYNAMIC_NO_PIC = NO;
				GCC_NO_COMMON_BLOCKS = YES;
				GCC_OPTIMIZATION_LEVEL = 0;
				GCC_PREPROCESSOR_DEFINITIONS = (
					"DEBUG=1",
					"$(inherited)",
				);
				GCC_WARN_64_TO_32_BIT_CONVERSION = YES;
				GCC_WARN_ABOUT_RETURN_TYPE = YES_ERROR;
				GCC_WARN_UNDECLARED_SELECTOR = YES;
				GCC_WARN_UNINITIALIZED_AUTOS = YES_AGGRESSIVE;
				GCC_WARN_UNUSED_FUNCTION = YES;
				GCC_WARN_UNUSED_VARIABLE = YES;
				IPHONEOS_DEPLOYMENT_TARGET = 13.1;
				MTL_ENABLE_DEBUG_INFO = INCLUDE_SOURCE;
				MTL_FAST_MATH = YES;
				ONLY_ACTIVE_ARCH = YES;
				SDKROOT = iphoneos;
				SWIFT_ACTIVE_COMPILATION_CONDITIONS = DEBUG;
				SWIFT_OPTIMIZATION_LEVEL = "-Onone";
			};
			name = Debug;
		};
		BDE40DB72396499500353A71 /* Release */ = {
			isa = XCBuildConfiguration;
			buildSettings = {
				ALWAYS_SEARCH_USER_PATHS = NO;
				CLANG_ANALYZER_NONNULL = YES;
				CLANG_ANALYZER_NUMBER_OBJECT_CONVERSION = YES_AGGRESSIVE;
				CLANG_CXX_LANGUAGE_STANDARD = "gnu++14";
				CLANG_CXX_LIBRARY = "libc++";
				CLANG_ENABLE_MODULES = YES;
				CLANG_ENABLE_OBJC_ARC = YES;
				CLANG_ENABLE_OBJC_WEAK = YES;
				CLANG_WARN_BLOCK_CAPTURE_AUTORELEASING = YES;
				CLANG_WARN_BOOL_CONVERSION = YES;
				CLANG_WARN_COMMA = YES;
				CLANG_WARN_CONSTANT_CONVERSION = YES;
				CLANG_WARN_DEPRECATED_OBJC_IMPLEMENTATIONS = YES;
				CLANG_WARN_DIRECT_OBJC_ISA_USAGE = YES_ERROR;
				CLANG_WARN_DOCUMENTATION_COMMENTS = YES;
				CLANG_WARN_EMPTY_BODY = YES;
				CLANG_WARN_ENUM_CONVERSION = YES;
				CLANG_WARN_INFINITE_RECURSION = YES;
				CLANG_WARN_INT_CONVERSION = YES;
				CLANG_WARN_NON_LITERAL_NULL_CONVERSION = YES;
				CLANG_WARN_OBJC_IMPLICIT_RETAIN_SELF = YES;
				CLANG_WARN_OBJC_LITERAL_CONVERSION = YES;
				CLANG_WARN_OBJC_ROOT_CLASS = YES_ERROR;
				CLANG_WARN_RANGE_LOOP_ANALYSIS = YES;
				CLANG_WARN_STRICT_PROTOTYPES = YES;
				CLANG_WARN_SUSPICIOUS_MOVE = YES;
				CLANG_WARN_UNGUARDED_AVAILABILITY = YES_AGGRESSIVE;
				CLANG_WARN_UNREACHABLE_CODE = YES;
				CLANG_WARN__DUPLICATE_METHOD_MATCH = YES;
				COPY_PHASE_STRIP = NO;
				DEBUG_INFORMATION_FORMAT = "dwarf-with-dsym";
				ENABLE_NS_ASSERTIONS = NO;
				ENABLE_STRICT_OBJC_MSGSEND = YES;
				GCC_C_LANGUAGE_STANDARD = gnu11;
				GCC_NO_COMMON_BLOCKS = YES;
				GCC_WARN_64_TO_32_BIT_CONVERSION = YES;
				GCC_WARN_ABOUT_RETURN_TYPE = YES_ERROR;
				GCC_WARN_UNDECLARED_SELECTOR = YES;
				GCC_WARN_UNINITIALIZED_AUTOS = YES_AGGRESSIVE;
				GCC_WARN_UNUSED_FUNCTION = YES;
				GCC_WARN_UNUSED_VARIABLE = YES;
				IPHONEOS_DEPLOYMENT_TARGET = 13.1;
				MTL_ENABLE_DEBUG_INFO = NO;
				MTL_FAST_MATH = YES;
				SDKROOT = iphoneos;
				SWIFT_COMPILATION_MODE = wholemodule;
				SWIFT_OPTIMIZATION_LEVEL = "-O";
				VALIDATE_PRODUCT = YES;
			};
			name = Release;
		};
		BDE40DB92396499500353A71 /* Debug */ = {
			isa = XCBuildConfiguration;
			buildSettings = {
				ASSETCATALOG_COMPILER_APPICON_NAME = AppIcon;
				CODE_SIGN_STYLE = Automatic;
				CURRENT_PROJECT_VERSION = 1.1;
				INFOPLIST_FILE = PlacesWhereYouCantGO/Info.plist;
				LD_RUNPATH_SEARCH_PATHS = (
					"$(inherited)",
					"@executable_path/Frameworks",
				);
				PRODUCT_BUNDLE_IDENTIFIER = EB.PlacesWhereYouCantGO;
				PRODUCT_NAME = "$(TARGET_NAME)";
				SWIFT_VERSION = 5.0;
				TARGETED_DEVICE_FAMILY = "1,2";
			};
			name = Debug;
		};
		BDE40DBA2396499500353A71 /* Release */ = {
			isa = XCBuildConfiguration;
			buildSettings = {
				ASSETCATALOG_COMPILER_APPICON_NAME = AppIcon;
				CODE_SIGN_STYLE = Automatic;
				CURRENT_PROJECT_VERSION = 1.1;
				INFOPLIST_FILE = PlacesWhereYouCantGO/Info.plist;
				LD_RUNPATH_SEARCH_PATHS = (
					"$(inherited)",
					"@executable_path/Frameworks",
				);
				PRODUCT_BUNDLE_IDENTIFIER = EB.PlacesWhereYouCantGO;
				PRODUCT_NAME = "$(TARGET_NAME)";
				SWIFT_VERSION = 5.0;
				TARGETED_DEVICE_FAMILY = "1,2";
			};
			name = Release;
		};
/* End XCBuildConfiguration section */

/* Begin XCConfigurationList section */
		BDE40D9F2396499300353A71 /* Build configuration list for PBXProject "PlacesWhereYouCantGO" */ = {
			isa = XCConfigurationList;
			buildConfigurations = (
				BDE40DB62396499500353A71 /* Debug */,
				BDE40DB72396499500353A71 /* Release */,
			);
			defaultConfigurationIsVisible = 0;
			defaultConfigurationName = Release;
		};
		BDE40DB82396499500353A71 /* Build configuration list for PBXNativeTarget "PlacesWhereYouCantGO" */ = {
			isa = XCConfigurationList;
			buildConfigurations = (
				BDE40DB92396499500353A71 /* Debug */,
				BDE40DBA2396499500353A71 /* Release */,
			);
			defaultConfigurationIsVisible = 0;
			defaultConfigurationName = Release;
		};
/* End XCConfigurationList section */
	};
	rootObject = BDE40D9C2396499300353A71 /* Project object */;
}
